
Microsoft Visual Studio Solution File, Format Version 12.00
Project("{F2A71F9B-5D33-465A-A702-920D77279786}") = "CityGuessBot", "CityGuessBot\CityGuessBot.fsproj", "{554AED95-8946-4E5E-AB0A-7876D1895E39}"
EndProject
Global
	GlobalSection(SolutionConfigurationPlatforms) = preSolution
		Debug|Any CPU = Debug|Any CPU
		Release|Any CPU = Release|Any CPU
	EndGlobalSection
	GlobalSection(ProjectConfigurationPlatforms) = postSolution
		{554AED95-8946-4E5E-AB0A-7876D1895E39}.Debug|Any CPU.ActiveCfg = Debug|Any CPU
		{554AED95-8946-4E5E-AB0A-7876D1895E39}.Debug|Any CPU.Build.0 = Debug|Any CPU
		{554AED95-8946-4E5E-AB0A-7876D1895E39}.Release|Any CPU.ActiveCfg = Release|Any CPU
		{554AED95-8946-4E5E-AB0A-7876D1895E39}.Release|Any CPU.Build.0 = Release|Any CPU
	EndGlobalSection
EndGlobal
